Microsoft Visual Studio Solution File, Format Version 12.00
# Visual Studio Version 17
VisualStudioVersion = 17.5.2.0
MinimumVisualStudioVersion = 10.0.40219.1
Project("{2150E333-8FDC-42A3-9474-1A3956D46DE8}") = "portfolio-aspnet", "portfolio-aspnet", "{F014BCE9-CE75-5F0E-08ED-49938FC75A6D}"
EndProject
Project("{FAE04EC0-301F-11D3-BF4B-00C04F79EFBC}") = "PortfolioSite", "portfolio-aspnet\PortfolioSite.csproj", "{6A101735-9677-E8C3-43AA-9FCB83756856}"
EndProject
Global
	GlobalSection(SolutionConfigurationPlatforms) = preSolution
		Debug|Any CPU = Debug|Any CPU
		Release|Any CPU = Release|Any CPU
	EndGlobalSection
	GlobalSection(ProjectConfigurationPlatforms) = postSolution
		{6A101735-9677-E8C3-43AA-9FCB83756856}.Debug|Any CPU.ActiveCfg = Debug|Any CPU
		{6A101735-9677-E8C3-43AA-9FCB83756856}.Debug|Any CPU.Build.0 = Debug|Any CPU
		{6A101735-9677-E8C3-43AA-9FCB83756856}.Release|Any CPU.ActiveCfg = Release|Any CPU
		{6A101735-9677-E8C3-43AA-9FCB83756856}.Release|Any CPU.Build.0 = Release|Any CPU
	EndGlobalSection
	GlobalSection(SolutionProperties) = preSolution
		HideSolutionNode = FALSE
	EndGlobalSection
	GlobalSection(NestedProjects) = preSolution
		{6A101735-9677-E8C3-43AA-9FCB83756856} = {F014BCE9-CE75-5F0E-08ED-49938FC75A6D}
	EndGlobalSection
	GlobalSection(ExtensibilityGlobals) = postSolution
		SolutionGuid = {1EDBB3B1-CD12-4741-B076-DD9818676273}
	EndGlobalSection
EndGlobal
